
Microsoft Visual Studio Solution File, Format Version 12.00
# Visual Studio Version 16
VisualStudioVersion = 16.0.32802.440
MinimumVisualStudioVersion = 10.0.40219.1
Project("{FAE04EC0-301F-11D3-BF4B-00C04F79EFBC}") = "Student-Course-Center", "Student-Course-Center.csproj", "{CD2DB2BC-0CE5-466B-AA36-629FA68C00B5}"
EndProject
Project("{FAE04EC0-301F-11D3-BF4B-00C04F79EFBC}") = "Student-Course-Center.EntityLayer", "..\Student-Course-Center.EntityLayer\Student-Course-Center.EntityLayer.csproj", "{3845F40C-6125-4463-835B-C9C99EEB7EFA}"
EndProject
Project("{FAE04EC0-301F-11D3-BF4B-00C04F79EFBC}") = "Student-Course-Center.DataAccessLayer", "..\Student-Course-Center.DataAccessLayer\Student-Course-Center.DataAccessLayer.csproj", "{E9F821F0-4104-4230-9E09-81B564921617}"
EndProject
Project("{FAE04EC0-301F-11D3-BF4B-00C04F79EFBC}") = "Student-Course-Center.BusinessLayer", "..\Student-Course-Center.BusinessLayer\Student-Course-Center.BusinessLayer.csproj", "{C38936F6-FAA5-4A5F-B09D-A9AB2696DC61}"
EndProject
Global
	GlobalSection(SolutionConfigurationPlatforms) = preSolution
		Debug|Any CPU = Debug|Any CPU
		Release|Any CPU = Release|Any CPU
	EndGlobalSection
	GlobalSection(ProjectConfigurationPlatforms) = postSolution
		{CD2DB2BC-0CE5-466B-AA36-629FA68C00B5}.Debug|Any CPU.ActiveCfg = Debug|Any CPU
		{CD2DB2BC-0CE5-466B-AA36-629FA68C00B5}.Debug|Any CPU.Build.0 = Debug|Any CPU
		{CD2DB2BC-0CE5-466B-AA36-629FA68C00B5}.Release|Any CPU.ActiveCfg = Release|Any CPU
		{CD2DB2BC-0CE5-466B-AA36-629FA68C00B5}.Release|Any CPU.Build.0 = Release|Any CPU
		{3845F40C-6125-4463-835B-C9C99EEB7EFA}.Debug|Any CPU.ActiveCfg = Debug|Any CPU
		{3845F40C-6125-4463-835B-C9C99EEB7EFA}.Debug|Any CPU.Build.0 = Debug|Any CPU
		{3845F40C-6125-4463-835B-C9C99EEB7EFA}.Release|Any CPU.ActiveCfg = Release|Any CPU
		{3845F40C-6125-4463-835B-C9C99EEB7EFA}.Release|Any CPU.Build.0 = Release|Any CPU
		{E9F821F0-4104-4230-9E09-81B564921617}.Debug|Any CPU.ActiveCfg = Debug|Any CPU
		{E9F821F0-4104-4230-9E09-81B564921617}.Debug|Any CPU.Build.0 = Debug|Any CPU
		{E9F821F0-4104-4230-9E09-81B564921617}.Release|Any CPU.ActiveCfg = Release|Any CPU
		{E9F821F0-4104-4230-9E09-81B564921617}.Release|Any CPU.Build.0 = Release|Any CPU
		{C38936F6-FAA5-4A5F-B09D-A9AB2696DC61}.Debug|Any CPU.ActiveCfg = Debug|Any CPU
		{C38936F6-FAA5-4A5F-B09D-A9AB2696DC61}.Debug|Any CPU.Build.0 = Debug|Any CPU
		{C38936F6-FAA5-4A5F-B09D-A9AB2696DC61}.Release|Any CPU.ActiveCfg = Release|Any CPU
		{C38936F6-FAA5-4A5F-B09D-A9AB2696DC61}.Release|Any CPU.Build.0 = Release|Any CPU
	EndGlobalSection
	GlobalSection(SolutionProperties) = preSolution
		HideSolutionNode = FALSE
	EndGlobalSection
	GlobalSection(ExtensibilityGlobals) = postSolution
		SolutionGuid = {8B16F525-A802-4E9E-BBCE-1437A5B7CF02}
	EndGlobalSection
EndGlobal
